
Microsoft Visual Studio Solution File, Format Version 12.00
# Visual Studio 2013
VisualStudioVersion = 12.0.21005.1
MinimumVisualStudioVersion = 10.0.40219.1
Project("{FAE04EC0-301F-11D3-BF4B-00C04F79EFBC}") = "ShopManagement_FORMS", "ShopManagement\ShopManagement_FORMS.csproj", "{21B64753-0451-4281-AF96-5BEA71AA191C}"
EndProject
Project("{FAE04EC0-301F-11D3-BF4B-00C04F79EFBC}") = "ShopManagementBLL", "ShopManagementBLL\ShopManagementBLL.csproj", "{AD51FFE9-76CD-4A9D-8507-BD8BBD66AAB4}"
EndProject
Project("{FAE04EC0-301F-11D3-BF4B-00C04F79EFBC}") = "ShopManagementDAL", "ShopManagementDAL\ShopManagementDAL.csproj", "{05A2C28C-BA94-4376-BAC3-AD1235C61668}"
EndProject
Global
	GlobalSection(SolutionConfigurationPlatforms) = preSolution
		Debug|Any CPU = Debug|Any CPU
		Release|Any CPU = Release|Any CPU
	EndGlobalSection
	GlobalSection(ProjectConfigurationPlatforms) = postSolution
		{21B64753-0451-4281-AF96-5BEA71AA191C}.Debug|Any CPU.ActiveCfg = Debug|Any CPU
		{21B64753-0451-4281-AF96-5BEA71AA191C}.Debug|Any CPU.Build.0 = Debug|Any CPU
		{21B64753-0451-4281-AF96-5BEA71AA191C}.Release|Any CPU.ActiveCfg = Release|Any CPU
		{21B64753-0451-4281-AF96-5BEA71AA191C}.Release|Any CPU.Build.0 = Release|Any CPU
		{AD51FFE9-76CD-4A9D-8507-BD8BBD66AAB4}.Debug|Any CPU.ActiveCfg = Debug|Any CPU
		{AD51FFE9-76CD-4A9D-8507-BD8BBD66AAB4}.Debug|Any CPU.Build.0 = Debug|Any CPU
		{AD51FFE9-76CD-4A9D-8507-BD8BBD66AAB4}.Release|Any CPU.ActiveCfg = Release|Any CPU
		{AD51FFE9-76CD-4A9D-8507-BD8BBD66AAB4}.Release|Any CPU.Build.0 = Release|Any CPU
		{05A2C28C-BA94-4376-BAC3-AD1235C61668}.Debug|Any CPU.ActiveCfg = Debug|Any CPU
		{05A2C28C-BA94-4376-BAC3-AD1235C61668}.Debug|Any CPU.Build.0 = Debug|Any CPU
		{05A2C28C-BA94-4376-BAC3-AD1235C61668}.Release|Any CPU.ActiveCfg = Release|Any CPU
		{05A2C28C-BA94-4376-BAC3-AD1235C61668}.Release|Any CPU.Build.0 = Release|Any CPU
	EndGlobalSection
	GlobalSection(SolutionProperties) = preSolution
		HideSolutionNode = FALSE
	EndGlobalSection
EndGlobal
